// !$*UTF8*$!
{
	archiveVersion = 1;
	classes = {
	};
	objectVersion = 55;
	objects = {

/* Begin PBXBuildFile section */
		BC1450AE2861DB9100C75FAF /* HourlyForecastModel.swift in Sources */ = {isa = PBXBuildFile; fileRef = BC1450AD2861DB9100C75FAF /* HourlyForecastModel.swift */; };
		BC1450B02862178100C75FAF /* DailyPresenter.swift in Sources */ = {isa = PBXBuildFile; fileRef = BC1450AF2862178100C75FAF /* DailyPresenter.swift */; };
		BC1450B2286217C800C75FAF /* DailyForecastModel.swift in Sources */ = {isa = PBXBuildFile; fileRef = BC1450B1286217C800C75FAF /* DailyForecastModel.swift */; };
		BC1450B4286766CF00C75FAF /* SunMoonView.swift in Sources */ = {isa = PBXBuildFile; fileRef = BC1450B3286766CF00C75FAF /* SunMoonView.swift */; };
		BC20C655281BDBF6009835D9 /* CurrentDescriptionView.swift in Sources */ = {isa = PBXBuildFile; fileRef = BC20C654281BDBF6009835D9 /* CurrentDescriptionView.swift */; };
		BC2A2517281D6DB60013FE5C /* DailyForecastTableViewCell.swift in Sources */ = {isa = PBXBuildFile; fileRef = BC2A2516281D6DB60013FE5C /* DailyForecastTableViewCell.swift */; };
		BC2A2519281D79C90013FE5C /* DailyCollectionViewCell.swift in Sources */ = {isa = PBXBuildFile; fileRef = BC2A2518281D79C90013FE5C /* DailyCollectionViewCell.swift */; };
		BC2A251B281EADF40013FE5C /* HourlyTempChangeTableViewCell.swift in Sources */ = {isa = PBXBuildFile; fileRef = BC2A251A281EADF40013FE5C /* HourlyTempChangeTableViewCell.swift */; };
		BC3161EC27F09BE100647B54 /* SettingsViewController.swift in Sources */ = {isa = PBXBuildFile; fileRef = BC3161EB27F09BE100647B54 /* SettingsViewController.swift */; };
		BC33343E27FCB6400094510A /* NetworkService.swift in Sources */ = {isa = PBXBuildFile; fileRef = BC33343D27FCB6400094510A /* NetworkService.swift */; };
		BC33344127FDDBB90094510A /* Model.xcdatamodeld in Sources */ = {isa = PBXBuildFile; fileRef = BC33343F27FDDBB90094510A /* Model.xcdatamodeld */; };
		BC46B25528016D9500BD9A5C /* DatabaseService.swift in Sources */ = {isa = PBXBuildFile; fileRef = BC46B25428016D9500BD9A5C /* DatabaseService.swift */; };
		BC6032BB280DCE75001EA63D /* AddCityViewController.swift in Sources */ = {isa = PBXBuildFile; fileRef = BC6032BA280DCE75001EA63D /* AddCityViewController.swift */; };
		BC6800AE27F8843700B91319 /* HourForecastViewController.swift in Sources */ = {isa = PBXBuildFile; fileRef = BC6800AD27F8843700B91319 /* HourForecastViewController.swift */; };
		BC6800B527F886D700B91319 /* DailyForecastViewController.swift in Sources */ = {isa = PBXBuildFile; fileRef = BC6800B427F886D700B91319 /* DailyForecastViewController.swift */; };
		BC6800BF27F9B95900B91319 /* MainPageViewController.swift in Sources */ = {isa = PBXBuildFile; fileRef = BC6800BE27F9B95900B91319 /* MainPageViewController.swift */; };
		BC6EF470281B20090079F1B3 /* CurrentWeatherTableViewCell.swift in Sources */ = {isa = PBXBuildFile; fileRef = BC6EF46F281B20090079F1B3 /* CurrentWeatherTableViewCell.swift */; };
		BC7772C4281735D700A726F5 /* Config.swift in Sources */ = {isa = PBXBuildFile; fileRef = BC7772C3281735D700A726F5 /* Config.swift */; };
		BC936717281C6EDB00244F08 /* Rubik-Regular.ttf in Resources */ = {isa = PBXBuildFile; fileRef = BC936715281C6EDB00244F08 /* Rubik-Regular.ttf */; };
		BC936718281C6EDB00244F08 /* Rubik-Medium.ttf in Resources */ = {isa = PBXBuildFile; fileRef = BC936716281C6EDB00244F08 /* Rubik-Medium.ttf */; };
		BC93671A281C70B800244F08 /* HourlyWeatherTableViewCell.swift in Sources */ = {isa = PBXBuildFile; fileRef = BC936719281C70B800244F08 /* HourlyWeatherTableViewCell.swift */; };
		BC93671D281C743500244F08 /* HourlyCollectionViewCell.swift in Sources */ = {isa = PBXBuildFile; fileRef = BC93671C281C743500244F08 /* HourlyCollectionViewCell.swift */; };
		BCBF869528393522003AE5BE /* DayView.swift in Sources */ = {isa = PBXBuildFile; fileRef = BCBF869428393522003AE5BE /* DayView.swift */; };
		BCBF869728393620003AE5BE /* NightView.swift in Sources */ = {isa = PBXBuildFile; fileRef = BCBF869628393620003AE5BE /* NightView.swift */; };
		BCBF869B28393B90003AE5BE /* DailyDatesCollectionViewCell.swift in Sources */ = {isa = PBXBuildFile; fileRef = BCBF869A28393B90003AE5BE /* DailyDatesCollectionViewCell.swift */; };
		BCC8F843289694E600437FE7 /* HourTableHeaderView1.swift in Sources */ = {isa = PBXBuildFile; fileRef = BCC8F842289694E600437FE7 /* HourTableHeaderView1.swift */; };
		BCC8F8452896950A00437FE7 /* HourHeaderCollectionViewCell.swift in Sources */ = {isa = PBXBuildFile; fileRef = BCC8F8442896950A00437FE7 /* HourHeaderCollectionViewCell.swift */; };
		BCC948C927F07385001E3575 /* AppDelegate.swift in Sources */ = {isa = PBXBuildFile; fileRef = BCC948C827F07385001E3575 /* AppDelegate.swift */; };
		BCC948CB27F07385001E3575 /* SceneDelegate.swift in Sources */ = {isa = PBXBuildFile; fileRef = BCC948CA27F07385001E3575 /* SceneDelegate.swift */; };
		BCC948CD27F07385001E3575 /* StartViewController.swift in Sources */ = {isa = PBXBuildFile; fileRef = BCC948CC27F07385001E3575 /* StartViewController.swift */; };
		BCC948D227F0738B001E3575 /* Assets.xcassets in Resources */ = {isa = PBXBuildFile; fileRef = BCC948D127F0738B001E3575 /* Assets.xcassets */; };
		BCC948D527F0738B001E3575 /* LaunchScreen.storyboard in Resources */ = {isa = PBXBuildFile; fileRef = BCC948D327F0738B001E3575 /* LaunchScreen.storyboard */; };
		BCD81A832882EC8800DC371A /* LocationService.swift in Sources */ = {isa = PBXBuildFile; fileRef = BCD81A822882EC8800DC371A /* LocationService.swift */; };
		BCD81A862883D62500DC371A /* ModulesFactory.swift in Sources */ = {isa = PBXBuildFile; fileRef = BCD81A852883D62500DC371A /* ModulesFactory.swift */; };
		BCD81A892883DB8200DC371A /* ModulesCoordinator.swift in Sources */ = {isa = PBXBuildFile; fileRef = BCD81A882883DB8200DC371A /* ModulesCoordinator.swift */; };
		BCD81A8D2884205700DC371A /* NetworkModels.swift in Sources */ = {isa = PBXBuildFile; fileRef = BCD81A8C2884205700DC371A /* NetworkModels.swift */; };
		BCF7A86B285CC39B00CEF195 /* MainPagePresenter.swift in Sources */ = {isa = PBXBuildFile; fileRef = BCF7A86A285CC39B00CEF195 /* MainPagePresenter.swift */; };
		BCF7A86E285CCF8100CEF195 /* MainModulePresenter.swift in Sources */ = {isa = PBXBuildFile; fileRef = BCF7A86D285CCF8100CEF195 /* MainModulePresenter.swift */; };
		BCF7A877285F0ED400CEF195 /* HourlyForecastPresenter.swift in Sources */ = {isa = PBXBuildFile; fileRef = BCF7A876285F0ED400CEF195 /* HourlyForecastPresenter.swift */; };
		BCFCD94527F48B580014BF45 /* MainViewController.swift in Sources */ = {isa = PBXBuildFile; fileRef = BCFCD94427F48B580014BF45 /* MainViewController.swift */; };
/* End PBXBuildFile section */

/* Begin PBXFileReference section */
		BC1450AD2861DB9100C75FAF /* HourlyForecastModel.swift */ = {isa = PBXFileReference; lastKnownFileType = sourcecode.swift; path = HourlyForecastModel.swift; sourceTree = "<group>"; };
		BC1450AF2862178100C75FAF /* DailyPresenter.swift */ = {isa = PBXFileReference; lastKnownFileType = sourcecode.swift; path = DailyPresenter.swift; sourceTree = "<group>"; };
		BC1450B1286217C800C75FAF /* DailyForecastModel.swift */ = {isa = PBXFileReference; lastKnownFileType = sourcecode.swift; path = DailyForecastModel.swift; sourceTree = "<group>"; };
		BC1450B3286766CF00C75FAF /* SunMoonView.swift */ = {isa = PBXFileReference; lastKnownFileType = sourcecode.swift; path = SunMoonView.swift; sourceTree = "<group>"; };
		BC20C654281BDBF6009835D9 /* CurrentDescriptionView.swift */ = {isa = PBXFileReference; lastKnownFileType = sourcecode.swift; path = CurrentDescriptionView.swift; sourceTree = "<group>"; };
		BC2A2516281D6DB60013FE5C /* DailyForecastTableViewCell.swift */ = {isa = PBXFileReference; lastKnownFileType = sourcecode.swift; path = DailyForecastTableViewCell.swift; sourceTree = "<group>"; };
		BC2A2518281D79C90013FE5C /* DailyCollectionViewCell.swift */ = {isa = PBXFileReference; lastKnownFileType = sourcecode.swift; path = DailyCollectionViewCell.swift; sourceTree = "<group>"; };
		BC2A251A281EADF40013FE5C /* HourlyTempChangeTableViewCell.swift */ = {isa = PBXFileReference; lastKnownFileType = sourcecode.swift; path = HourlyTempChangeTableViewCell.swift; sourceTree = "<group>"; };
		BC3161EB27F09BE100647B54 /* SettingsViewController.swift */ = {isa = PBXFileReference; lastKnownFileType = sourcecode.swift; path = SettingsViewController.swift; sourceTree = "<group>"; };
		BC33343D27FCB6400094510A /* NetworkService.swift */ = {isa = PBXFileReference; lastKnownFileType = sourcecode.swift; path = NetworkService.swift; sourceTree = "<group>"; };
		BC33344027FDDBB90094510A /* Model.xcdatamodel */ = {isa = PBXFileReference; lastKnownFileType = wrapper.xcdatamodel; path = Model.xcdatamodel; sourceTree = "<group>"; };
		BC46B25428016D9500BD9A5C /* DatabaseService.swift */ = {isa = PBXFileReference; lastKnownFileType = sourcecode.swift; path = DatabaseService.swift; sourceTree = "<group>"; };
		BC6032BA280DCE75001EA63D /* AddCityViewController.swift */ = {isa = PBXFileReference; lastKnownFileType = sourcecode.swift; path = AddCityViewController.swift; sourceTree = "<group>"; };
		BC6800AD27F8843700B91319 /* HourForecastViewController.swift */ = {isa = PBXFileReference; lastKnownFileType = sourcecode.swift; path = HourForecastViewController.swift; sourceTree = "<group>"; };
		BC6800B427F886D700B91319 /* DailyForecastViewController.swift */ = {isa = PBXFileReference; lastKnownFileType = sourcecode.swift; path = DailyForecastViewController.swift; sourceTree = "<group>"; };
		BC6800BE27F9B95900B91319 /* MainPageViewController.swift */ = {isa = PBXFileReference; lastKnownFileType = sourcecode.swift; path = MainPageViewController.swift; sourceTree = "<group>"; };
		BC6EF46F281B20090079F1B3 /* CurrentWeatherTableViewCell.swift */ = {isa = PBXFileReference; lastKnownFileType = sourcecode.swift; path = CurrentWeatherTableViewCell.swift; sourceTree = "<group>"; };
		BC7772C3281735D700A726F5 /* Config.swift */ = {isa = PBXFileReference; lastKnownFileType = sourcecode.swift; path = Config.swift; sourceTree = SOURCE_ROOT; };
		BC936715281C6EDB00244F08 /* Rubik-Regular.ttf */ = {isa = PBXFileReference; lastKnownFileType = file; path = "Rubik-Regular.ttf"; sourceTree = "<group>"; };
		BC936716281C6EDB00244F08 /* Rubik-Medium.ttf */ = {isa = PBXFileReference; lastKnownFileType = file; path = "Rubik-Medium.ttf"; sourceTree = "<group>"; };
		BC936719281C70B800244F08 /* HourlyWeatherTableViewCell.swift */ = {isa = PBXFileReference; lastKnownFileType = sourcecode.swift; path = HourlyWeatherTableViewCell.swift; sourceTree = "<group>"; };
		BC93671C281C743500244F08 /* HourlyCollectionViewCell.swift */ = {isa = PBXFileReference; lastKnownFileType = sourcecode.swift; path = HourlyCollectionViewCell.swift; sourceTree = "<group>"; };
		BCBF869428393522003AE5BE /* DayView.swift */ = {isa = PBXFileReference; lastKnownFileType = sourcecode.swift; path = DayView.swift; sourceTree = "<group>"; };
		BCBF869628393620003AE5BE /* NightView.swift */ = {isa = PBXFileReference; lastKnownFileType = sourcecode.swift; path = NightView.swift; sourceTree = "<group>"; };
		BCBF869A28393B90003AE5BE /* DailyDatesCollectionViewCell.swift */ = {isa = PBXFileReference; lastKnownFileType = sourcecode.swift; path = DailyDatesCollectionViewCell.swift; sourceTree = "<group>"; };
		BCC8F842289694E600437FE7 /* HourTableHeaderView1.swift */ = {isa = PBXFileReference; lastKnownFileType = sourcecode.swift; path = HourTableHeaderView1.swift; sourceTree = "<group>"; };
		BCC8F8442896950A00437FE7 /* HourHeaderCollectionViewCell.swift */ = {isa = PBXFileReference; lastKnownFileType = sourcecode.swift; path = HourHeaderCollectionViewCell.swift; sourceTree = "<group>"; };
		BCC948C527F07385001E3575 /* MyWeather.app */ = {isa = PBXFileReference; explicitFileType = wrapper.application; includeInIndex = 0; path = MyWeather.app; sourceTree = BUILT_PRODUCTS_DIR; };
		BCC948C827F07385001E3575 /* AppDelegate.swift */ = {isa = PBXFileReference; lastKnownFileType = sourcecode.swift; path = AppDelegate.swift; sourceTree = "<group>"; };
		BCC948CA27F07385001E3575 /* SceneDelegate.swift */ = {isa = PBXFileReference; lastKnownFileType = sourcecode.swift; path = SceneDelegate.swift; sourceTree = "<group>"; };
		BCC948CC27F07385001E3575 /* StartViewController.swift */ = {isa = PBXFileReference; lastKnownFileType = sourcecode.swift; path = StartViewController.swift; sourceTree = "<group>"; };
		BCC948D127F0738B001E3575 /* Assets.xcassets */ = {isa = PBXFileReference; lastKnownFileType = folder.assetcatalog; path = Assets.xcassets; sourceTree = "<group>"; };
		BCC948D427F0738B001E3575 /* Base */ = {isa = PBXFileReference; lastKnownFileType = file.storyboard; name = Base; path = Base.lproj/LaunchScreen.storyboard; sourceTree = "<group>"; };
		BCC948D627F0738B001E3575 /* Info.plist */ = {isa = PBXFileReference; lastKnownFileType = text.plist.xml; path = Info.plist; sourceTree = "<group>"; };
		BCD81A822882EC8800DC371A /* LocationService.swift */ = {isa = PBXFileReference; lastKnownFileType = sourcecode.swift; path = LocationService.swift; sourceTree = "<group>"; };
		BCD81A852883D62500DC371A /* ModulesFactory.swift */ = {isa = PBXFileReference; lastKnownFileType = sourcecode.swift; path = ModulesFactory.swift; sourceTree = "<group>"; };
		BCD81A882883DB8200DC371A /* ModulesCoordinator.swift */ = {isa = PBXFileReference; lastKnownFileType = sourcecode.swift; path = ModulesCoordinator.swift; sourceTree = "<group>"; };
		BCD81A8C2884205700DC371A /* NetworkModels.swift */ = {isa = PBXFileReference; lastKnownFileType = sourcecode.swift; path = NetworkModels.swift; sourceTree = "<group>"; };
		BCF7A86A285CC39B00CEF195 /* MainPagePresenter.swift */ = {isa = PBXFileReference; lastKnownFileType = sourcecode.swift; path = MainPagePresenter.swift; sourceTree = "<group>"; };
		BCF7A86D285CCF8100CEF195 /* MainModulePresenter.swift */ = {isa = PBXFileReference; lastKnownFileType = sourcecode.swift; path = MainModulePresenter.swift; sourceTree = "<group>"; };
		BCF7A876285F0ED400CEF195 /* HourlyForecastPresenter.swift */ = {isa = PBXFileReference; lastKnownFileType = sourcecode.swift; path = HourlyForecastPresenter.swift; sourceTree = "<group>"; };
		BCFCD94427F48B580014BF45 /* MainViewController.swift */ = {isa = PBXFileReference; lastKnownFileType = sourcecode.swift; path = MainViewController.swift; sourceTree = "<group>"; };
/* End PBXFileReference section */

/* Begin PBXFrameworksBuildPhase section */
		BCC948C227F07385001E3575 /* Frameworks */ = {
			isa = PBXFrameworksBuildPhase;
			buildActionMask = 2147483647;
			files = (
			);
			runOnlyForDeploymentPostprocessing = 0;
		};
/* End PBXFrameworksBuildPhase section */

/* Begin PBXGroup section */
		BC1450AB2861DB2F00C75FAF /* Cells */ = {
			isa = PBXGroup;
			children = (
				BC2A251A281EADF40013FE5C /* HourlyTempChangeTableViewCell.swift */,
			);
			path = Cells;
			sourceTree = "<group>";
		};
		BC1450AC2861DB4900C75FAF /* Headers */ = {
			isa = PBXGroup;
			children = (
				BCC8F842289694E600437FE7 /* HourTableHeaderView1.swift */,
				BCC8F8442896950A00437FE7 /* HourHeaderCollectionViewCell.swift */,
			);
			path = Headers;
			sourceTree = "<group>";
		};
		BC33341027FB70580094510A /* DataBase */ = {
			isa = PBXGroup;
			children = (
				BC33343F27FDDBB90094510A /* Model.xcdatamodeld */,
				BC46B25428016D9500BD9A5C /* DatabaseService.swift */,
			);
			path = DataBase;
			sourceTree = "<group>";
		};
		BC33343C27FCB6150094510A /* Services */ = {
			isa = PBXGroup;
			children = (
				BC33343D27FCB6400094510A /* NetworkService.swift */,
				BCD81A822882EC8800DC371A /* LocationService.swift */,
				BCD81A8C2884205700DC371A /* NetworkModels.swift */,
			);
			path = Services;
			sourceTree = "<group>";
		};
		BC600A5A288D58F600840871 /* Frameworks */ = {
			isa = PBXGroup;
			children = (
			);
			name = Frameworks;
			sourceTree = "<group>";
		};
		BC6800AF27F8844600B91319 /* StartController */ = {
			isa = PBXGroup;
			children = (
				BCC948CC27F07385001E3575 /* StartViewController.swift */,
			);
			path = StartController;
			sourceTree = "<group>";
		};
		BC6800B027F8845C00B91319 /* SettingsController */ = {
			isa = PBXGroup;
			children = (
				BC3161EB27F09BE100647B54 /* SettingsViewController.swift */,
			);
			path = SettingsController;
			sourceTree = "<group>";
		};
		BC6800B127F8846800B91319 /* MainController */ = {
			isa = PBXGroup;
			children = (
				BC93671B281C70C000244F08 /* Cells */,
				BCFCD94427F48B580014BF45 /* MainViewController.swift */,
				BCF7A86D285CCF8100CEF195 /* MainModulePresenter.swift */,
			);
			path = MainController;
			sourceTree = "<group>";
		};
		BC6800B227F8847600B91319 /* HourController */ = {
			isa = PBXGroup;
			children = (
				BC1450AB2861DB2F00C75FAF /* Cells */,
				BC1450AC2861DB4900C75FAF /* Headers */,
				BC6800AD27F8843700B91319 /* HourForecastViewController.swift */,
				BC1450AD2861DB9100C75FAF /* HourlyForecastModel.swift */,
				BCF7A876285F0ED400CEF195 /* HourlyForecastPresenter.swift */,
			);
			path = HourController;
			sourceTree = "<group>";
		};
		BC6800B327F886AC00B91319 /* DailyController */ = {
			isa = PBXGroup;
			children = (
				BC6800B427F886D700B91319 /* DailyForecastViewController.swift */,
				BC1450AF2862178100C75FAF /* DailyPresenter.swift */,
				BC1450B1286217C800C75FAF /* DailyForecastModel.swift */,
				BCD81A8A2884189400DC371A /* Cells */,
				BCD81A8B288418B100DC371A /* Views */,
			);
			path = DailyController;
			sourceTree = "<group>";
		};
		BC936714281C6E8F00244F08 /* Fonts */ = {
			isa = PBXGroup;
			children = (
				BC936716281C6EDB00244F08 /* Rubik-Medium.ttf */,
				BC936715281C6EDB00244F08 /* Rubik-Regular.ttf */,
			);
			path = Fonts;
			sourceTree = "<group>";
		};
		BC93671B281C70C000244F08 /* Cells */ = {
			isa = PBXGroup;
			children = (
				BCF7A871285D05EB00CEF195 /* CurrentForecastCell */,
				BCF7A872285D06C200CEF195 /* HourlyForecastCells */,
				BCF7A873285D06D600CEF195 /* DailyForecastsCells */,
			);
			path = Cells;
			sourceTree = "<group>";
		};
		BCC948BC27F07385001E3575 = {
			isa = PBXGroup;
			children = (
				BC7772C3281735D700A726F5 /* Config.swift */,
				BCC948C827F07385001E3575 /* AppDelegate.swift */,
				BCC948CA27F07385001E3575 /* SceneDelegate.swift */,
				BCD81A842883D60300DC371A /* Factory */,
				BCD81A872883DB6000DC371A /* Coordinator */,
				BC936714281C6E8F00244F08 /* Fonts */,
				BC33341027FB70580094510A /* DataBase */,
				BCC948C727F07385001E3575 /* MyWeather */,
				BC33343C27FCB6150094510A /* Services */,
				BCC948C627F07385001E3575 /* Products */,
				BC600A5A288D58F600840871 /* Frameworks */,
			);
			sourceTree = "<group>";
		};
		BCC948C627F07385001E3575 /* Products */ = {
			isa = PBXGroup;
			children = (
				BCC948C527F07385001E3575 /* MyWeather.app */,
			);
			name = Products;
			sourceTree = "<group>";
		};
		BCC948C727F07385001E3575 /* MyWeather */ = {
			isa = PBXGroup;
			children = (
				BCF7A86C285CCEE700CEF195 /* AddCityModule */,
				BCF7A869285CC35500CEF195 /* MainPageModule */,
				BC6800AF27F8844600B91319 /* StartController */,
				BC6800B027F8845C00B91319 /* SettingsController */,
				BC6800B127F8846800B91319 /* MainController */,
				BC6800B227F8847600B91319 /* HourController */,
				BC6800B327F886AC00B91319 /* DailyController */,
				BCC948D127F0738B001E3575 /* Assets.xcassets */,
				BCC948D327F0738B001E3575 /* LaunchScreen.storyboard */,
				BCC948D627F0738B001E3575 /* Info.plist */,
			);
			path = MyWeather;
			sourceTree = "<group>";
		};
		BCD81A842883D60300DC371A /* Factory */ = {
			isa = PBXGroup;
			children = (
				BCD81A852883D62500DC371A /* ModulesFactory.swift */,
			);
			path = Factory;
			sourceTree = "<group>";
		};
		BCD81A872883DB6000DC371A /* Coordinator */ = {
			isa = PBXGroup;
			children = (
				BCD81A882883DB8200DC371A /* ModulesCoordinator.swift */,
			);
			path = Coordinator;
			sourceTree = "<group>";
		};
		BCD81A8A2884189400DC371A /* Cells */ = {
			isa = PBXGroup;
			children = (
				BCBF869A28393B90003AE5BE /* DailyDatesCollectionViewCell.swift */,
			);
			path = Cells;
			sourceTree = "<group>";
		};
		BCD81A8B288418B100DC371A /* Views */ = {
			isa = PBXGroup;
			children = (
				BCBF869428393522003AE5BE /* DayView.swift */,
				BCBF869628393620003AE5BE /* NightView.swift */,
				BC1450B3286766CF00C75FAF /* SunMoonView.swift */,
			);
			path = Views;
			sourceTree = "<group>";
		};
		BCF7A869285CC35500CEF195 /* MainPageModule */ = {
			isa = PBXGroup;
			children = (
				BC6800BE27F9B95900B91319 /* MainPageViewController.swift */,
				BCF7A86A285CC39B00CEF195 /* MainPagePresenter.swift */,
			);
			path = MainPageModule;
			sourceTree = "<group>";
		};
		BCF7A86C285CCEE700CEF195 /* AddCityModule */ = {
			isa = PBXGroup;
			children = (
				BC6032BA280DCE75001EA63D /* AddCityViewController.swift */,
			);
			path = AddCityModule;
			sourceTree = "<group>";
		};
		BCF7A871285D05EB00CEF195 /* CurrentForecastCell */ = {
			isa = PBXGroup;
			children = (
				BC20C654281BDBF6009835D9 /* CurrentDescriptionView.swift */,
				BC6EF46F281B20090079F1B3 /* CurrentWeatherTableViewCell.swift */,
			);
			path = CurrentForecastCell;
			sourceTree = "<group>";
		};
		BCF7A872285D06C200CEF195 /* HourlyForecastCells */ = {
			isa = PBXGroup;
			children = (
				BC936719281C70B800244F08 /* HourlyWeatherTableViewCell.swift */,
				BC93671C281C743500244F08 /* HourlyCollectionViewCell.swift */,
			);
			path = HourlyForecastCells;
			sourceTree = "<group>";
		};
		BCF7A873285D06D600CEF195 /* DailyForecastsCells */ = {
			isa = PBXGroup;
			children = (
				BC2A2516281D6DB60013FE5C /* DailyForecastTableViewCell.swift */,
				BC2A2518281D79C90013FE5C /* DailyCollectionViewCell.swift */,
			);
			path = DailyForecastsCells;
			sourceTree = "<group>";
		};
/* End PBXGroup section */

/* Begin PBXNativeTarget section */
		BCC948C427F07385001E3575 /* MyWeather */ = {
			isa = PBXNativeTarget;
			buildConfigurationList = BCC948D927F0738B001E3575 /* Build configuration list for PBXNativeTarget "MyWeather" */;
			buildPhases = (
				BCC948C127F07385001E3575 /* Sources */,
				BCC948C227F07385001E3575 /* Frameworks */,
				BCC948C327F07385001E3575 /* Resources */,
			);
			buildRules = (
			);
			dependencies = (
			);
			name = MyWeather;
			packageProductDependencies = (
			);
			productName = MyWeather;
			productReference = BCC948C527F07385001E3575 /* MyWeather.app */;
			productType = "com.apple.product-type.application";
		};
/* End PBXNativeTarget section */

/* Begin PBXProject section */
		BCC948BD27F07385001E3575 /* Project object */ = {
			isa = PBXProject;
			attributes = {
				BuildIndependentTargetsInParallel = 1;
				LastSwiftUpdateCheck = 1330;
				LastUpgradeCheck = 1330;
				TargetAttributes = {
					BCC948C427F07385001E3575 = {
						CreatedOnToolsVersion = 13.3;
					};
				};
			};
			buildConfigurationList = BCC948C027F07385001E3575 /* Build configuration list for PBXProject "MyWeather" */;
			compatibilityVersion = "Xcode 13.0";
			developmentRegion = en;
			hasScannedForEncodings = 0;
			knownRegions = (
				en,
				Base,
			);
			mainGroup = BCC948BC27F07385001E3575;
			packageReferences = (
			);
			productRefGroup = BCC948C627F07385001E3575 /* Products */;
			projectDirPath = "";
			projectRoot = "";
			targets = (
				BCC948C427F07385001E3575 /* MyWeather */,
			);
		};
/* End PBXProject section */

/* Begin PBXResourcesBuildPhase section */
		BCC948C327F07385001E3575 /* Resources */ = {
			isa = PBXResourcesBuildPhase;
			buildActionMask = 2147483647;
			files = (
				BCC948D527F0738B001E3575 /* LaunchScreen.storyboard in Resources */,
				BC936717281C6EDB00244F08 /* Rubik-Regular.ttf in Resources */,
				BCC948D227F0738B001E3575 /* Assets.xcassets in Resources */,
				BC936718281C6EDB00244F08 /* Rubik-Medium.ttf in Resources */,
			);
			runOnlyForDeploymentPostprocessing = 0;
		};
/* End PBXResourcesBuildPhase section */

/* Begin PBXSourcesBuildPhase section */
		BCC948C127F07385001E3575 /* Sources */ = {
			isa = PBXSourcesBuildPhase;
			buildActionMask = 2147483647;
			files = (
				BC33343E27FCB6400094510A /* NetworkService.swift in Sources */,
				BCBF869528393522003AE5BE /* DayView.swift in Sources */,
				BC1450AE2861DB9100C75FAF /* HourlyForecastModel.swift in Sources */,
				BCC8F8452896950A00437FE7 /* HourHeaderCollectionViewCell.swift in Sources */,
				BCC948CD27F07385001E3575 /* StartViewController.swift in Sources */,
				BCC948C927F07385001E3575 /* AppDelegate.swift in Sources */,
				BCBF869B28393B90003AE5BE /* DailyDatesCollectionViewCell.swift in Sources */,
				BC2A251B281EADF40013FE5C /* HourlyTempChangeTableViewCell.swift in Sources */,
				BCC8F843289694E600437FE7 /* HourTableHeaderView1.swift in Sources */,
				BCD81A892883DB8200DC371A /* ModulesCoordinator.swift in Sources */,
				BCF7A877285F0ED400CEF195 /* HourlyForecastPresenter.swift in Sources */,
				BCD81A8D2884205700DC371A /* NetworkModels.swift in Sources */,
				BC7772C4281735D700A726F5 /* Config.swift in Sources */,
				BC6800B527F886D700B91319 /* DailyForecastViewController.swift in Sources */,
				BC93671A281C70B800244F08 /* HourlyWeatherTableViewCell.swift in Sources */,
				BC6EF470281B20090079F1B3 /* CurrentWeatherTableViewCell.swift in Sources */,
				BC2A2517281D6DB60013FE5C /* DailyForecastTableViewCell.swift in Sources */,
				BC3161EC27F09BE100647B54 /* SettingsViewController.swift in Sources */,
				BC1450B2286217C800C75FAF /* DailyForecastModel.swift in Sources */,
				BCD81A862883D62500DC371A /* ModulesFactory.swift in Sources */,
				BCC948CB27F07385001E3575 /* SceneDelegate.swift in Sources */,
				BC2A2519281D79C90013FE5C /* DailyCollectionViewCell.swift in Sources */,
				BC46B25528016D9500BD9A5C /* DatabaseService.swift in Sources */,
				BC1450B4286766CF00C75FAF /* SunMoonView.swift in Sources */,
				BC20C655281BDBF6009835D9 /* CurrentDescriptionView.swift in Sources */,
				BCBF869728393620003AE5BE /* NightView.swift in Sources */,
				BC93671D281C743500244F08 /* HourlyCollectionViewCell.swift in Sources */,
				BCF7A86E285CCF8100CEF195 /* MainModulePresenter.swift in Sources */,
				BC1450B02862178100C75FAF /* DailyPresenter.swift in Sources */,
				BC6800AE27F8843700B91319 /* HourForecastViewController.swift in Sources */,
				BCF7A86B285CC39B00CEF195 /* MainPagePresenter.swift in Sources */,
				BC6032BB280DCE75001EA63D /* AddCityViewController.swift in Sources */,
				BC6800BF27F9B95900B91319 /* MainPageViewController.swift in Sources */,
				BC33344127FDDBB90094510A /* Model.xcdatamodeld in Sources */,
				BCD81A832882EC8800DC371A /* LocationService.swift in Sources */,
				BCFCD94527F48B580014BF45 /* MainViewController.swift in Sources */,
			);
			runOnlyForDeploymentPostprocessing = 0;
		};
/* End PBXSourcesBuildPhase section */

/* Begin PBXVariantGroup section */
		BCC948D327F0738B001E3575 /* LaunchScreen.storyboard */ = {
			isa = PBXVariantGroup;
			children = (
				BCC948D427F0738B001E3575 /* Base */,
			);
			name = LaunchScreen.storyboard;
			sourceTree = "<group>";
		};
/* End PBXVariantGroup section */

/* Begin XCBuildConfiguration section */
		BCC948D727F0738B001E3575 /* Debug */ = {
			isa = XCBuildConfiguration;
			buildSettings = {
				ALWAYS_SEARCH_USER_PATHS = NO;
				CLANG_ANALYZER_NONNULL = YES;
				CLANG_ANALYZER_NUMBER_OBJECT_CONVERSION = YES_AGGRESSIVE;
				CLANG_CXX_LANGUAGE_STANDARD = "gnu++17";
				CLANG_ENABLE_MODULES = YES;
				CLANG_ENABLE_OBJC_ARC = YES;
				CLANG_ENABLE_OBJC_WEAK = YES;
				CLANG_WARN_BLOCK_CAPTURE_AUTORELEASING = YES;
				CLANG_WARN_BOOL_CONVERSION = YES;
				CLANG_WARN_COMMA = YES;
				CLANG_WARN_CONSTANT_CONVERSION = YES;
				CLANG_WARN_DEPRECATED_OBJC_IMPLEMENTATIONS = YES;
				CLANG_WARN_DIRECT_OBJC_ISA_USAGE = YES_ERROR;
				CLANG_WARN_DOCUMENTATION_COMMENTS = YES;
				CLANG_WARN_EMPTY_BODY = YES;
				CLANG_WARN_ENUM_CONVERSION = YES;
				CLANG_WARN_INFINITE_RECURSION = YES;
				CLANG_WARN_INT_CONVERSION = YES;
				CLANG_WARN_NON_LITERAL_NULL_CONVERSION = YES;
				CLANG_WARN_OBJC_IMPLICIT_RETAIN_SELF = YES;
				CLANG_WARN_OBJC_LITERAL_CONVERSION = YES;
				CLANG_WARN_OBJC_ROOT_CLASS = YES_ERROR;
				CLANG_WARN_QUOTED_INCLUDE_IN_FRAMEWORK_HEADER = YES;
				CLANG_WARN_RANGE_LOOP_ANALYSIS = YES;
				CLANG_WARN_STRICT_PROTOTYPES = YES;
				CLANG_WARN_SUSPICIOUS_MOVE = YES;
				CLANG_WARN_UNGUARDED_AVAILABILITY = YES_AGGRESSIVE;
				CLANG_WARN_UNREACHABLE_CODE = YES;
				CLANG_WARN__DUPLICATE_METHOD_MATCH = YES;
				COPY_PHASE_STRIP = NO;
				DEBUG_INFORMATION_FORMAT = dwarf;
				ENABLE_STRICT_OBJC_MSGSEND = YES;
				ENABLE_TESTABILITY = YES;
				GCC_C_LANGUAGE_STANDARD = gnu11;
				GCC_DYNAMIC_NO_PIC = NO;
				GCC_NO_COMMON_BLOCKS = YES;
				GCC_OPTIMIZATION_LEVEL = 0;
				GCC_PREPROCESSOR_DEFINITIONS = (
					"DEBUG=1",
					"$(inherited)",
				);
				GCC_WARN_64_TO_32_BIT_CONVERSION = YES;
				GCC_WARN_ABOUT_RETURN_TYPE = YES_ERROR;
				GCC_WARN_UNDECLARED_SELECTOR = YES;
				GCC_WARN_UNINITIALIZED_AUTOS = YES_AGGRESSIVE;
				GCC_WARN_UNUSED_FUNCTION = YES;
				GCC_WARN_UNUSED_VARIABLE = YES;
				IPHONEOS_DEPLOYMENT_TARGET = 15.2;
				MTL_ENABLE_DEBUG_INFO = INCLUDE_SOURCE;
				MTL_FAST_MATH = YES;
				ONLY_ACTIVE_ARCH = YES;
				SDKROOT = iphoneos;
				SWIFT_ACTIVE_COMPILATION_CONDITIONS = DEBUG;
				SWIFT_OPTIMIZATION_LEVEL = "-Onone";
			};
			name = Debug;
		};
		BCC948D827F0738B001E3575 /* Release */ = {
			isa = XCBuildConfiguration;
			buildSettings = {
				ALWAYS_SEARCH_USER_PATHS = NO;
				CLANG_ANALYZER_NONNULL = YES;
				CLANG_ANALYZER_NUMBER_OBJECT_CONVERSION = YES_AGGRESSIVE;
				CLANG_CXX_LANGUAGE_STANDARD = "gnu++17";
				CLANG_ENABLE_MODULES = YES;
				CLANG_ENABLE_OBJC_ARC = YES;
				CLANG_ENABLE_OBJC_WEAK = YES;
				CLANG_WARN_BLOCK_CAPTURE_AUTORELEASING = YES;
				CLANG_WARN_BOOL_CONVERSION = YES;
				CLANG_WARN_COMMA = YES;
				CLANG_WARN_CONSTANT_CONVERSION = YES;
				CLANG_WARN_DEPRECATED_OBJC_IMPLEMENTATIONS = YES;
				CLANG_WARN_DIRECT_OBJC_ISA_USAGE = YES_ERROR;
				CLANG_WARN_DOCUMENTATION_COMMENTS = YES;
				CLANG_WARN_EMPTY_BODY = YES;
				CLANG_WARN_ENUM_CONVERSION = YES;
				CLANG_WARN_INFINITE_RECURSION = YES;
				CLANG_WARN_INT_CONVERSION = YES;
				CLANG_WARN_NON_LITERAL_NULL_CONVERSION = YES;
				CLANG_WARN_OBJC_IMPLICIT_RETAIN_SELF = YES;
				CLANG_WARN_OBJC_LITERAL_CONVERSION = YES;
				CLANG_WARN_OBJC_ROOT_CLASS = YES_ERROR;
				CLANG_WARN_QUOTED_INCLUDE_IN_FRAMEWORK_HEADER = YES;
				CLANG_WARN_RANGE_LOOP_ANALYSIS = YES;
				CLANG_WARN_STRICT_PROTOTYPES = YES;
				CLANG_WARN_SUSPICIOUS_MOVE = YES;
				CLANG_WARN_UNGUARDED_AVAILABILITY = YES_AGGRESSIVE;
				CLANG_WARN_UNREACHABLE_CODE = YES;
				CLANG_WARN__DUPLICATE_METHOD_MATCH = YES;
				COPY_PHASE_STRIP = NO;
				DEBUG_INFORMATION_FORMAT = "dwarf-with-dsym";
				ENABLE_NS_ASSERTIONS = NO;
				ENABLE_STRICT_OBJC_MSGSEND = YES;
				GCC_C_LANGUAGE_STANDARD = gnu11;
				GCC_NO_COMMON_BLOCKS = YES;
				GCC_WARN_64_TO_32_BIT_CONVERSION = YES;
				GCC_WARN_ABOUT_RETURN_TYPE = YES_ERROR;
				GCC_WARN_UNDECLARED_SELECTOR = YES;
				GCC_WARN_UNINITIALIZED_AUTOS = YES_AGGRESSIVE;
				GCC_WARN_UNUSED_FUNCTION = YES;
				GCC_WARN_UNUSED_VARIABLE = YES;
				IPHONEOS_DEPLOYMENT_TARGET = 15.2;
				MTL_ENABLE_DEBUG_INFO = NO;
				MTL_FAST_MATH = YES;
				SDKROOT = iphoneos;
				SWIFT_COMPILATION_MODE = wholemodule;
				SWIFT_OPTIMIZATION_LEVEL = "-O";
				VALIDATE_PRODUCT = YES;
			};
			name = Release;
		};
		BCC948DA27F0738B001E3575 /* Debug */ = {
			isa = XCBuildConfiguration;
			buildSettings = {
				ASSETCATALOG_COMPILER_APPICON_NAME = AppIcon;
				ASSETCATALOG_COMPILER_GLOBAL_ACCENT_COLOR_NAME = AccentColor;
				CODE_SIGN_STYLE = Automatic;
				CURRENT_PROJECT_VERSION = 1;
				DEVELOPMENT_TEAM = NZF7D66GZB;
				GENERATE_INFOPLIST_FILE = YES;
				INFOPLIST_FILE = MyWeather/Info.plist;
				INFOPLIST_KEY_UIApplicationSupportsIndirectInputEvents = YES;
				INFOPLIST_KEY_UILaunchStoryboardName = LaunchScreen;
				INFOPLIST_KEY_UISupportedInterfaceOrientations_iPad = "UIInterfaceOrientationPortrait UIInterfaceOrientationPortraitUpsideDown UIInterfaceOrientationLandscapeLeft UIInterfaceOrientationLandscapeRight";
				INFOPLIST_KEY_UISupportedInterfaceOrientations_iPhone = "UIInterfaceOrientationPortrait UIInterfaceOrientationLandscapeLeft UIInterfaceOrientationLandscapeRight";
				LD_RUNPATH_SEARCH_PATHS = (
					"$(inherited)",
					"@executable_path/Frameworks",
				);
				MARKETING_VERSION = 1.0;
				PRODUCT_BUNDLE_IDENTIFIER = "-.MyWeather";
				PRODUCT_NAME = "$(TARGET_NAME)";
				SWIFT_EMIT_LOC_STRINGS = YES;
				SWIFT_VERSION = 5.0;
				TARGETED_DEVICE_FAMILY = "1,2";
			};
			name = Debug;
		};
		BCC948DB27F0738B001E3575 /* Release */ = {
			isa = XCBuildConfiguration;
			buildSettings = {
				ASSETCATALOG_COMPILER_APPICON_NAME = AppIcon;
				ASSETCATALOG_COMPILER_GLOBAL_ACCENT_COLOR_NAME = AccentColor;
				CODE_SIGN_STYLE = Automatic;
				CURRENT_PROJECT_VERSION = 1;
				DEVELOPMENT_TEAM = NZF7D66GZB;
				GENERATE_INFOPLIST_FILE = YES;
				INFOPLIST_FILE = MyWeather/Info.plist;
				INFOPLIST_KEY_UIApplicationSupportsIndirectInputEvents = YES;
				INFOPLIST_KEY_UILaunchStoryboardName = LaunchScreen;
				INFOPLIST_KEY_UISupportedInterfaceOrientations_iPad = "UIInterfaceOrientationPortrait UIInterfaceOrientationPortraitUpsideDown UIInterfaceOrientationLandscapeLeft UIInterfaceOrientationLandscapeRight";
				INFOPLIST_KEY_UISupportedInterfaceOrientations_iPhone = "UIInterfaceOrientationPortrait UIInterfaceOrientationLandscapeLeft UIInterfaceOrientationLandscapeRight";
				LD_RUNPATH_SEARCH_PATHS = (
					"$(inherited)",
					"@executable_path/Frameworks",
				);
				MARKETING_VERSION = 1.0;
				PRODUCT_BUNDLE_IDENTIFIER = "-.MyWeather";
				PRODUCT_NAME = "$(TARGET_NAME)";
				SWIFT_EMIT_LOC_STRINGS = YES;
				SWIFT_VERSION = 5.0;
				TARGETED_DEVICE_FAMILY = "1,2";
			};
			name = Release;
		};
/* End XCBuildConfiguration section */

/* Begin XCConfigurationList section */
		BCC948C027F07385001E3575 /* Build configuration list for PBXProject "MyWeather" */ = {
			isa = XCConfigurationList;
			buildConfigurations = (
				BCC948D727F0738B001E3575 /* Debug */,
				BCC948D827F0738B001E3575 /* Release */,
			);
			defaultConfigurationIsVisible = 0;
			defaultConfigurationName = Release;
		};
		BCC948D927F0738B001E3575 /* Build configuration list for PBXNativeTarget "MyWeather" */ = {
			isa = XCConfigurationList;
			buildConfigurations = (
				BCC948DA27F0738B001E3575 /* Debug */,
				BCC948DB27F0738B001E3575 /* Release */,
			);
			defaultConfigurationIsVisible = 0;
			defaultConfigurationName = Release;
		};
/* End XCConfigurationList section */

/* Begin XCVersionGroup section */
		BC33343F27FDDBB90094510A /* Model.xcdatamodeld */ = {
			isa = XCVersionGroup;
			children = (
				BC33344027FDDBB90094510A /* Model.xcdatamodel */,
			);
			currentVersion = BC33344027FDDBB90094510A /* Model.xcdatamodel */;
			path = Model.xcdatamodeld;
			sourceTree = "<group>";
			versionGroupType = wrapper.xcdatamodel;
		};
/* End XCVersionGroup section */
	};
	rootObject = BCC948BD27F07385001E3575 /* Project object */;
}
